version = 1
revision = 3
requires-python = ">=3.14"

[[package]]
name = "asttokens"
version = "3.0.1"
source = { registry = "https://pypi.org/simple" }
sdist = { url = "https://files.pythonhosted.org/packages/be/a5/8e3f9b6771b0b408517c82d97aed8f2036509bc247d46114925e32fe33f0/asttokens-3.0.1.tar.gz", hash = "sha256:71a4ee5de0bde6a31d64f6b13f2293ac190344478f081c3d1bccfcf5eacb0cb7", size = 62308, upload-time = "2025-11-15T16:43:48.578Z" }
wheels = [
    { url = "https://files.pythonhosted.org/packages/d2/39/e7eaf1799466a4aef85b6a4fe7bd175ad2b1c6345066aa33f1f58d4b18d0/asttokens-3.0.1-py3-none-any.whl", hash = "sha256:15a3ebc0f43c2d0a50eeafea25e19046c68398e487b9f1f5b517f7c0f40f976a", size = 27047, upload-time = "2025-11-15T16:43:16.109Z" },
]

[[package]]
name = "click"
version = "8.4.2"
source = { registry = "https://pypi.org/simple" }
dependencies = [
    { name = "colorama", marker = "sys_platform == 'win32'" },
]
sdist = { url = "https://files.pythonhosted.org/packages/76/d4/81420972a676e8ffea40450d8c8c92943e7218a78fe9b64359836cc9876b/click-8.4.2.tar.gz", hash = "sha256:9a6cea6e60b17ebe0a44c5cc636d94f09bd66142c1cd7d8b4cd731c4917a15f6", size = 338000, upload-time = "2026-06-24T17:45:15.148Z" }
wheels = [
    { url = "https://files.pythonhosted.org/packages/fb/e2/79c688af8b210d232694e31e59da9f6ec747bae31c3f5946e4e9b98860d5/click-8.4.2-py3-none-any.whl", hash = "sha256:e6f9f66136c816745b9d65817da91d61d957fb16e02e4dcd0552553c5a197b76", size = 119243, upload-time = "2026-06-24T17:45:13.73Z" },
]

[[package]]
name = "colorama"
version = "0.4.6"
source = { registry = "https://pypi.org/simple" }
sdist = { url = "https://files.pythonhosted.org/packages/d8/53/6f443c9a4a8358a93a6792e2acffb9d9d5cb0a5cfd8802644b7b1c9a02e4/colorama-0.4.6.tar.gz", hash = "sha256:08695f5cb7ed6e0531a20572697297273c47b8cae5a63ffc6d6ed5c201be6e44", size = 27697, upload-time = "2022-10-25T02:36:22.414Z" }
wheels = [
    { url = "https://files.pythonhosted.org/packages/d1/d6/3965ed04c63042e047cb6a3e6ed1a63a35087b6a609aa3a15ed8ac56c221/colorama-0.4.6-py2.py3-none-any.whl", hash = "sha256:4f1d9991f5acc0ca119f9d443620b77f9d6b33703e51011c16baf57afb285fc6", size = 25335, upload-time = "2022-10-25T02:36:20.889Z" },
]

[[package]]
name = "decorator"
version = "5.3.1"
source = { registry = "https://pypi.org/simple" }
sdist = { url = "https://files.pythonhosted.org/packages/60/8b/32f9823da46cde7df2087faa08cd98d01b908f8dcab982cdba9c84e85355/decorator-5.3.1.tar.gz", hash = "sha256:4cbcdd55a6efadb9dbea26b858f4fb3264567b52d69ca0d25b721b553f60ea82", size = 58084, upload-time = "2026-05-18T06:03:28.057Z" }
wheels = [
    { url = "https://files.pythonhosted.org/packages/05/7f/798705f5296a58ca505d600456748d1be48078eac8a7050d8a98bc9edb89/decorator-5.3.1-py3-none-any.whl", hash = "sha256:f47fe6fdbd2edd623ecfe36875d37aba411624e2670dd395dddae1358689bb3c", size = 10365, upload-time = "2026-05-18T06:03:26.517Z" },
]

[[package]]
name = "deprecated"
version = "1.3.1"
source = { registry = "https://pypi.org/simple" }
dependencies = [
    { name = "wrapt" },
]
sdist = { url = "https://files.pythonhosted.org/packages/49/85/12f0a49a7c4ffb70572b6c2ef13c90c88fd190debda93b23f026b25f9634/deprecated-1.3.1.tar.gz", hash = "sha256:b1b50e0ff0c1fddaa5708a2c6b0a6588bb09b892825ab2b214ac9ea9d92a5223", size = 2932523, upload-time = "2025-10-30T08:19:02.757Z" }
wheels = [
    { url = "https://files.pythonhosted.org/packages/84/d0/205d54408c08b13550c733c4b85429e7ead111c7f0014309637425520a9a/deprecated-1.3.1-py2.py3-none-any.whl", hash = "sha256:597bfef186b6f60181535a29fbe44865ce137a5079f295b479886c82729d5f3f", size = 11298, upload-time = "2025-10-30T08:19:00.758Z" },
]

[[package]]
name = "executing"
version = "2.2.1"
source = { registry = "https://pypi.org/simple" }
sdist = { url = "https://files.pythonhosted.org/packages/cc/28/c14e053b6762b1044f34a13aab6859bbf40456d37d23aa286ac24cfd9a5d/executing-2.2.1.tar.gz", hash = "sha256:3632cc370565f6648cc328b32435bd120a1e4ebb20c77e3fdde9a13cd1e533c4", size = 1129488, upload-time = "2025-09-01T09:48:10.866Z" }
wheels = [
    { url = "https://files.pythonhosted.org/packages/c1/ea/53f2148663b321f21b5a606bd5f191517cf40b7072c0497d3c92c4a13b1e/executing-2.2.1-py2.py3-none-any.whl", hash = "sha256:760643d3452b4d777d295bb167ccc74c64a81df23fb5e08eff250c425a4b2017", size = 28317, upload-time = "2025-09-01T09:48:08.5Z" },
]

[[package]]
name = "ipython"
version = "9.15.0"
source = { registry = "https://pypi.org/simple" }
dependencies = [
    { name = "colorama", marker = "sys_platform == 'win32'" },
    { name = "decorator" },
    { name = "ipython-pygments-lexers" },
    { name = "jedi" },
    { name = "matplotlib-inline" },
    { name = "pexpect", marker = "sys_platform != 'emscripten' and sys_platform != 'win32'" },
    { name = "prompt-toolkit" },
    { name = "psutil", marker = "sys_platform != 'cygwin' and sys_platform != 'emscripten'" },
    { name = "pygments" },
    { name = "stack-data" },
    { name = "traitlets" },
]
sdist = { url = "https://files.pythonhosted.org/packages/53/59/165d3b4d75cc34add3122c4417ecb229085140ac573103c223cd01dde96f/ipython-9.15.0.tar.gz", hash = "sha256:da2819ce2aa83135257df830660b1176d986c3d2876db24df01974fa955b2756", size = 4442580, upload-time = "2026-06-26T11:03:35.913Z" }
wheels = [
    { url = "https://files.pythonhosted.org/packages/40/3a/948263ca3b9d65bb2b1b0c521b3a49fad5d59ada58724bd87d2bd5ff3f36/ipython-9.15.0-py3-none-any.whl", hash = "sha256:515ad9c3cdf0c932a5a9f6245419e8aba706b7bd03c3e1d3a1c83d9351d6aa6e", size = 630895, upload-time = "2026-06-26T11:03:33.809Z" },
]

[[package]]
name = "ipython-pygments-lexers"
version = "1.1.1"
source = { registry = "https://pypi.org/simple" }
dependencies = [
    { name = "pygments" },
]
sdist = { url = "https://files.pythonhosted.org/packages/ef/4c/5dd1d8af08107f88c7f741ead7a40854b8ac24ddf9ae850afbcf698aa552/ipython_pygments_lexers-1.1.1.tar.gz", hash = "sha256:09c0138009e56b6854f9535736f4171d855c8c08a563a0dcd8022f78355c7e81", size = 8393, upload-time = "2025-01-17T11:24:34.505Z" }
wheels = [
    { url = "https://files.pythonhosted.org/packages/d9/33/1f075bf72b0b747cb3288d011319aaf64083cf2efef8354174e3ed4540e2/ipython_pygments_lexers-1.1.1-py3-none-any.whl", hash = "sha256:a9462224a505ade19a605f71f8fa63c2048833ce50abc86768a0d81d876dc81c", size = 8074, upload-time = "2025-01-17T11:24:33.271Z" },
]

[[package]]
name = "jedi"
version = "0.20.0"
source = { registry = "https://pypi.org/simple" }
dependencies = [
    { name = "parso" },
]
sdist = { url = "https://files.pythonhosted.org/packages/46/b7/a3635f6a2d7cf5b5dd98064fc1d5fbbafcb25477bcea204a3a92145d158b/jedi-0.20.0.tar.gz", hash = "sha256:c3f4ccbd276696f4b19c54618d4fb18f9fc24b0aef02acf704b23f487daa1011", size = 3119416, upload-time = "2026-05-01T23:38:47.814Z" }
wheels = [
    { url = "https://files.pythonhosted.org/packages/9a/93/242e2eab5fe682ffcb8b0084bde703a41d51e17ee0f3a31ff0d9d813620a/jedi-0.20.0-py2.py3-none-any.whl", hash = "sha256:7bdd9c2634f56713299976f4cbd59cb3fa92165cc5e05ea811fb253480728b67", size = 4884812, upload-time = "2026-05-01T23:38:43.919Z" },
]

[[package]]
name = "markdown-it-py"
version = "4.2.0"
source = { registry = "https://pypi.org/simple" }
dependencies = [
    { name = "mdurl" },
]
sdist = { url = "https://files.pythonhosted.org/packages/06/ff/7841249c247aa650a76b9ee4bbaeae59370dc8bfd2f6c01f3630c35eb134/markdown_it_py-4.2.0.tar.gz", hash = "sha256:04a21681d6fbb623de53f6f364d352309d4094dd4194040a10fd51833e418d49", size = 82454, upload-time = "2026-05-07T12:08:28.36Z" }
wheels = [
    { url = "https://files.pythonhosted.org/packages/b3/81/4da04ced5a082363ecfa159c010d200ecbd959ae410c10c0264a38cac0f5/markdown_it_py-4.2.0-py3-none-any.whl", hash = "sha256:9f7ebbcd14fe59494226453aed97c1070d83f8d24b6fc3a3bcf9a38092641c4a", size = 91687, upload-time = "2026-05-07T12:08:27.182Z" },
]

[[package]]
name = "matplotlib-inline"
version = "0.2.2"
source = { registry = "https://pypi.org/simple" }
dependencies = [
    { name = "traitlets" },
]
sdist = { url = "https://files.pythonhosted.org/packages/bd/c0/9f7c9a46090390368a4d7bcb76bb87a4a36c421e4c0792cdb53486ffac7a/matplotlib_inline-0.2.2.tar.gz", hash = "sha256:72f3fe8fce36b70d4a5b612f899090cd0401deddc4ea90e1572b9f4bfb058c79", size = 8150, upload-time = "2026-05-08T17:33:33.49Z" }
wheels = [
    { url = "https://files.pythonhosted.org/packages/41/09/5b161152e2d90f7b87f781c2e1267494aef9c32498df793f73ad0a0a494a/matplotlib_inline-0.2.2-py3-none-any.whl", hash = "sha256:3c821cf1c209f59fb2d2d64abbf5b23b67bcb2210d663f9918dd851c6da1fcf6", size = 9534, upload-time = "2026-05-08T17:33:32.055Z" },
]

[[package]]
name = "mdurl"
version = "0.1.2"
source = { registry = "https://pypi.org/simple" }
sdist = { url = "https://files.pythonhosted.org/packages/d6/54/cfe61301667036ec958cb99bd3efefba235e65cdeb9c84d24a8293ba1d90/mdurl-0.1.2.tar.gz", hash = "sha256:bb413d29f5eea38f31dd4754dd7377d4465116fb207585f97bf925588687c1ba", size = 8729, upload-time = "2022-08-14T12:40:10.846Z" }
wheels = [
    { url = "https://files.pythonhosted.org/packages/b3/38/89ba8ad64ae25be8de66a6d463314cf1eb366222074cfda9ee839c56a4b4/mdurl-0.1.2-py3-none-any.whl", hash = "sha256:84008a41e51615a49fc9966191ff91509e3c40b939176e643fd50a5c2196b8f8", size = 9979, upload-time = "2022-08-14T12:40:09.779Z" },
]

[[package]]
name = "mimic-profiles"
version = "0.1.0"
source = { virtual = "." }
dependencies = [
    { name = "pathling" },
    { name = "striprtf" },
]

[package.metadata]
requires-dist = [
    { name = "pathling", specifier = ">=9.8.0" },
    { name = "striprtf", specifier = ">=0.0.32" },
]

[[package]]
name = "parso"
version = "0.8.7"
source = { registry = "https://pypi.org/simple" }
sdist = { url = "https://files.pythonhosted.org/packages/30/4b/90c937815137d43ce71ba043cd3566221e9df6b9c805f24b5d138c9d40a7/parso-0.8.7.tar.gz", hash = "sha256:eaaac4c9fdd5e9e8852dc778d2d7405897ec510f2a298071453e5e3a07914bb1", size = 401824, upload-time = "2026-05-01T23:13:02.138Z" }
wheels = [
    { url = "https://files.pythonhosted.org/packages/99/5d/8268b644392ee874ee82a635cd0df1773de230bde356c38de28e298392cc/parso-0.8.7-py2.py3-none-any.whl", hash = "sha256:a8926eb2a1b915486941fdbd31e86a4baf88fe8c210f25f2f35ecec5b574ca1c", size = 107025, upload-time = "2026-05-01T23:12:58.867Z" },
]

[[package]]
name = "pathling"
version = "9.8.0"
source = { registry = "https://pypi.org/simple" }
dependencies = [
    { name = "click" },
    { name = "deprecated" },
    { name = "ipython" },
    { name = "pyspark" },
    { name = "rich" },
]
sdist = { url = "https://files.pythonhosted.org/packages/f7/27/1ea7ec48a1a414d2e1eb703c1995d6951b899787fb33e83f74d2e5be68cd/pathling-9.8.0.tar.gz", hash = "sha256:6de95480013f46f1198c28aa85ce4545ccaf0e072e2140f41c9231538c1485d2", size = 92973, upload-time = "2026-06-20T08:49:03.131Z" }
wheels = [
    { url = "https://files.pythonhosted.org/packages/d1/bb/d06da5b45df92dc79531d57176dd61910a036be2bce6bedd804e81de5b27/pathling-9.8.0-py3-none-any.whl", hash = "sha256:05e29db5c9fdcd50977953712f3e39b8279497ffe766cc1255b4a2b0bfa7ff9d", size = 129895, upload-time = "2026-06-20T08:49:01.94Z" },
]

[[package]]
name = "pexpect"
version = "4.9.0"
source = { registry = "https://pypi.org/simple" }
dependencies = [
    { name = "ptyprocess" },
]
sdist = { url = "https://files.pythonhosted.org/packages/42/92/cc564bf6381ff43ce1f4d06852fc19a2f11d180f23dc32d9588bee2f149d/pexpect-4.9.0.tar.gz", hash = "sha256:ee7d41123f3c9911050ea2c2dac107568dc43b2d3b0c7557a33212c398ead30f", size = 166450, upload-time = "2023-11-25T09:07:26.339Z" }
wheels = [
    { url = "https://files.pythonhosted.org/packages/9e/c3/059298687310d527a58bb01f3b1965787ee3b40dce76752eda8b44e9a2c5/pexpect-4.9.0-py2.py3-none-any.whl", hash = "sha256:7236d1e080e4936be2dc3e326cec0af72acf9212a7e1d060210e70a47e253523", size = 63772, upload-time = "2023-11-25T06:56:14.81Z" },
]

[[package]]
name = "prompt-toolkit"
version = "3.0.52"
source = { registry = "https://pypi.org/simple" }
dependencies = [
    { name = "wcwidth" },
]
sdist = { url = "https://files.pythonhosted.org/packages/a1/96/06e01a7b38dce6fe1db213e061a4602dd6032a8a97ef6c1a862537732421/prompt_toolkit-3.0.52.tar.gz", hash = "sha256:28cde192929c8e7321de85de1ddbe736f1375148b02f2e17edd840042b1be855", size = 434198, upload-time = "2025-08-27T15:24:02.057Z" }
wheels = [
    { url = "https://files.pythonhosted.org/packages/84/03/0d3ce49e2505ae70cf43bc5bb3033955d2fc9f932163e84dc0779cc47f48/prompt_toolkit-3.0.52-py3-none-any.whl", hash = "sha256:9aac639a3bbd33284347de5ad8d68ecc044b91a762dc39b7c21095fcd6a19955", size = 391431, upload-time = "2025-08-27T15:23:59.498Z" },
]

[[package]]
name = "psutil"
version = "7.2.2"
source = { registry = "https://pypi.org/simple" }
sdist = { url = "https://files.pythonhosted.org/packages/aa/c6/d1ddf4abb55e93cebc4f2ed8b5d6dbad109ecb8d63748dd2b20ab5e57ebe/psutil-7.2.2.tar.gz", hash = "sha256:0746f5f8d406af344fd547f1c8daa5f5c33dbc293bb8d6a16d80b4bb88f59372", size = 493740, upload-time = "2026-01-28T18:14:54.428Z" }
wheels = [
    { url = "https://files.pythonhosted.org/packages/81/69/ef179ab5ca24f32acc1dac0c247fd6a13b501fd5534dbae0e05a1c48b66d/psutil-7.2.2-cp314-cp314t-macosx_10_15_x86_64.whl", hash = "sha256:eed63d3b4d62449571547b60578c5b2c4bcccc5387148db46e0c2313dad0ee00", size = 130664, upload-time = "2026-01-28T18:15:09.469Z" },
    { url = "https://files.pythonhosted.org/packages/7b/64/665248b557a236d3fa9efc378d60d95ef56dd0a490c2cd37dafc7660d4a9/psutil-7.2.2-cp314-cp314t-macosx_11_0_arm64.whl", hash = "sha256:7b6d09433a10592ce39b13d7be5a54fbac1d1228ed29abc880fb23df7cb694c9", size = 131087, upload-time = "2026-01-28T18:15:11.724Z" },
    { url = "https://files.pythonhosted.org/packages/d5/2e/e6782744700d6759ebce3043dcfa661fb61e2fb752b91cdeae9af12c2178/psutil-7.2.2-cp314-cp314t-manylinux2010_x86_64.manylinux_2_12_x86_64.manylinux_2_28_x86_64.whl", hash = "sha256:1fa4ecf83bcdf6e6c8f4449aff98eefb5d0604bf88cb883d7da3d8d2d909546a", size = 182383, upload-time = "2026-01-28T18:15:13.445Z" },
    { url = "https://files.pythonhosted.org/packages/57/49/0a41cefd10cb7505cdc04dab3eacf24c0c2cb158a998b8c7b1d27ee2c1f5/psutil-7.2.2-cp314-cp314t-manylinux2014_aarch64.manylinux_2_17_aarch64.manylinux_2_28_aarch64.whl", hash = "sha256:e452c464a02e7dc7822a05d25db4cde564444a67e58539a00f929c51eddda0cf", size = 185210, upload-time = "2026-01-28T18:15:16.002Z" },
    { url = "https://files.pythonhosted.org/packages/dd/2c/ff9bfb544f283ba5f83ba725a3c5fec6d6b10b8f27ac1dc641c473dc390d/psutil-7.2.2-cp314-cp314t-win_amd64.whl", hash = "sha256:c7663d4e37f13e884d13994247449e9f8f574bc4655d509c3b95e9ec9e2b9dc1", size = 141228, upload-time = "2026-01-28T18:15:18.385Z" },
    { url = "https://files.pythonhosted.org/packages/f2/fc/f8d9c31db14fcec13748d373e668bc3bed94d9077dbc17fb0eebc073233c/psutil-7.2.2-cp314-cp314t-win_arm64.whl", hash = "sha256:11fe5a4f613759764e79c65cf11ebdf26e33d6dd34336f8a337aa2996d71c841", size = 136284, upload-time = "2026-01-28T18:15:19.912Z" },
    { url = "https://files.pythonhosted.org/packages/e7/36/5ee6e05c9bd427237b11b3937ad82bb8ad2752d72c6969314590dd0c2f6e/psutil-7.2.2-cp36-abi3-macosx_10_9_x86_64.whl", hash = "sha256:ed0cace939114f62738d808fdcecd4c869222507e266e574799e9c0faa17d486", size = 129090, upload-time = "2026-01-28T18:15:22.168Z" },
    { url = "https://files.pythonhosted.org/packages/80/c4/f5af4c1ca8c1eeb2e92ccca14ce8effdeec651d5ab6053c589b074eda6e1/psutil-7.2.2-cp36-abi3-macosx_11_0_arm64.whl", hash = "sha256:1a7b04c10f32cc88ab39cbf606e117fd74721c831c98a27dc04578deb0c16979", size = 129859, upload-time = "2026-01-28T18:15:23.795Z" },
    { url = "https://files.pythonhosted.org/packages/b5/70/5d8df3b09e25bce090399cf48e452d25c935ab72dad19406c77f4e828045/psutil-7.2.2-cp36-abi3-manylinux2010_x86_64.manylinux_2_12_x86_64.manylinux_2_28_x86_64.whl", hash = "sha256:076a2d2f923fd4821644f5ba89f059523da90dc9014e85f8e45a5774ca5bc6f9", size = 155560, upload-time = "2026-01-28T18:15:25.976Z" },
    { url = "https://files.pythonhosted.org/packages/63/65/37648c0c158dc222aba51c089eb3bdfa238e621674dc42d48706e639204f/psutil-7.2.2-cp36-abi3-manylinux2014_aarch64.manylinux_2_17_aarch64.manylinux_2_28_aarch64.whl", hash = "sha256:b0726cecd84f9474419d67252add4ac0cd9811b04d61123054b9fb6f57df6e9e", size = 156997, upload-time = "2026-01-28T18:15:27.794Z" },
    { url = "https://files.pythonhosted.org/packages/8e/13/125093eadae863ce03c6ffdbae9929430d116a246ef69866dad94da3bfbc/psutil-7.2.2-cp36-abi3-musllinux_1_2_aarch64.whl", hash = "sha256:fd04ef36b4a6d599bbdb225dd1d3f51e00105f6d48a28f006da7f9822f2606d8", size = 148972, upload-time = "2026-01-28T18:15:29.342Z" },
    { url = "https://files.pythonhosted.org/packages/04/78/0acd37ca84ce3ddffaa92ef0f571e073faa6d8ff1f0559ab1272188ea2be/psutil-7.2.2-cp36-abi3-musllinux_1_2_x86_64.whl", hash = "sha256:b58fabe35e80b264a4e3bb23e6b96f9e45a3df7fb7eed419ac0e5947c61e47cc", size = 148266, upload-time = "2026-01-28T18:15:31.597Z" },
    { url = "https://files.pythonhosted.org/packages/b4/90/e2159492b5426be0c1fef7acba807a03511f97c5f86b3caeda6ad92351a7/psutil-7.2.2-cp37-abi3-win_amd64.whl", hash = "sha256:eb7e81434c8d223ec4a219b5fc1c47d0417b12be7ea866e24fb5ad6e84b3d988", size = 137737, upload-time = "2026-01-28T18:15:33.849Z" },
    { url = "https://files.pythonhosted.org/packages/8c/c7/7bb2e321574b10df20cbde462a94e2b71d05f9bbda251ef27d104668306a/psutil-7.2.2-cp37-abi3-win_arm64.whl", hash = "sha256:8c233660f575a5a89e6d4cb65d9f938126312bca76d8fe087b947b3a1aaac9ee", size = 134617, upload-time = "2026-01-28T18:15:36.514Z" },
]

[[package]]
name = "ptyprocess"
version = "0.7.0"
source = { registry = "https://pypi.org/simple" }
sdist = { url = "https://files.pythonhosted.org/packages/20/e5/16ff212c1e452235a90aeb09066144d0c5a6a8c0834397e03f5224495c4e/ptyprocess-0.7.0.tar.gz", hash = "sha256:5c5d0a3b48ceee0b48485e0c26037c0acd7d29765ca3fbb5cb3831d347423220", size = 70762, upload-time = "2020-12-28T15:15:30.155Z" }
wheels = [
    { url = "https://files.pythonhosted.org/packages/22/a6/858897256d0deac81a172289110f31629fc4cee19b6f01283303e18c8db3/ptyprocess-0.7.0-py2.py3-none-any.whl", hash = "sha256:4b41f3967fce3af57cc7e94b888626c18bf37a083e3651ca8feeb66d492fef35", size = 13993, upload-time = "2020-12-28T15:15:28.35Z" },
]

[[package]]
name = "pure-eval"
version = "0.2.3"
source = { registry = "https://pypi.org/simple" }
sdist = { url = "https://files.pythonhosted.org/packages/cd/05/0a34433a064256a578f1783a10da6df098ceaa4a57bbeaa96a6c0352786b/pure_eval-0.2.3.tar.gz", hash = "sha256:5f4e983f40564c576c7c8635ae88db5956bb2229d7e9237d03b3c0b0190eaf42", size = 19752, upload-time = "2024-07-21T12:58:21.801Z" }
wheels = [
    { url = "https://files.pythonhosted.org/packages/8e/37/efad0257dc6e593a18957422533ff0f87ede7c9c6ea010a2177d738fb82f/pure_eval-0.2.3-py3-none-any.whl", hash = "sha256:1db8e35b67b3d218d818ae653e27f06c3aa420901fa7b081ca98cbedc874e0d0", size = 11842, upload-time = "2024-07-21T12:58:20.04Z" },
]

[[package]]
name = "py4j"
version = "0.10.9.9"
source = { registry = "https://pypi.org/simple" }
sdist = { url = "https://files.pythonhosted.org/packages/38/31/0b210511177070c8d5d3059556194352e5753602fa64b85b7ab81ec1a009/py4j-0.10.9.9.tar.gz", hash = "sha256:f694cad19efa5bd1dee4f3e5270eb406613c974394035e5bfc4ec1aba870b879", size = 761089, upload-time = "2025-01-15T03:53:18.624Z" }
wheels = [
    { url = "https://files.pythonhosted.org/packages/bd/db/ea0203e495be491c85af87b66e37acfd3bf756fd985f87e46fc5e3bf022c/py4j-0.10.9.9-py2.py3-none-any.whl", hash = "sha256:c7c26e4158defb37b0bb124933163641a2ff6e3a3913f7811b0ddbe07ed61533", size = 203008, upload-time = "2025-01-15T03:53:15.648Z" },
]

[[package]]
name = "pygments"
version = "2.20.0"
source = { registry = "https://pypi.org/simple" }
sdist = { url = "https://files.pythonhosted.org/packages/c3/b2/bc9c9196916376152d655522fdcebac55e66de6603a76a02bca1b6414f6c/pygments-2.20.0.tar.gz", hash = "sha256:6757cd03768053ff99f3039c1a36d6c0aa0b263438fcab17520b30a303a82b5f", size = 4955991, upload-time = "2026-03-29T13:29:33.898Z" }
wheels = [
    { url = "https://files.pythonhosted.org/packages/f4/7e/a72dd26f3b0f4f2bf1dd8923c85f7ceb43172af56d63c7383eb62b332364/pygments-2.20.0-py3-none-any.whl", hash = "sha256:81a9e26dd42fd28a23a2d169d86d7ac03b46e2f8b59ed4698fb4785f946d0176", size = 1231151, upload-time = "2026-03-29T13:29:30.038Z" },
]

[[package]]
name = "pyspark"
version = "4.0.3"
source = { registry = "https://pypi.org/simple" }
dependencies = [
    { name = "py4j" },
]
sdist = { url = "https://files.pythonhosted.org/packages/6e/c1/671a7a00aea800d25fbbfc7d91539b4cf34a995d085ae708f26a2aeaa140/pyspark-4.0.3.tar.gz", hash = "sha256:9ed23e8601d73afae857eb5f9e11050b59cd11bbe50777564fcc4923cb117c1c", size = 434225451, upload-time = "2026-06-11T07:06:42.661Z" }

[[package]]
name = "rich"
version = "15.0.0"
source = { registry = "https://pypi.org/simple" }
dependencies = [
    { name = "markdown-it-py" },
    { name = "pygments" },
]
sdist = { url = "https://files.pythonhosted.org/packages/c0/8f/0722ca900cc807c13a6a0c696dacf35430f72e0ec571c4275d2371fca3e9/rich-15.0.0.tar.gz", hash = "sha256:edd07a4824c6b40189fb7ac9bc4c52536e9780fbbfbddf6f1e2502c31b068c36", size = 230680, upload-time = "2026-04-12T08:24:00.75Z" }
wheels = [
    { url = "https://files.pythonhosted.org/packages/82/3b/64d4899d73f91ba49a8c18a8ff3f0ea8f1c1d75481760df8c68ef5235bf5/rich-15.0.0-py3-none-any.whl", hash = "sha256:33bd4ef74232fb73fe9279a257718407f169c09b78a87ad3d296f548e27de0bb", size = 310654, upload-time = "2026-04-12T08:24:02.83Z" },
]

[[package]]
name = "stack-data"
version = "0.6.3"
source = { registry = "https://pypi.org/simple" }
dependencies = [
    { name = "asttokens" },
    { name = "executing" },
    { name = "pure-eval" },
]
sdist = { url = "https://files.pythonhosted.org/packages/28/e3/55dcc2cfbc3ca9c29519eb6884dd1415ecb53b0e934862d3559ddcb7e20b/stack_data-0.6.3.tar.gz", hash = "sha256:836a778de4fec4dcd1dcd89ed8abff8a221f58308462e1c4aa2a3cf30148f0b9", size = 44707, upload-time = "2023-09-30T13:58:05.479Z" }
wheels = [
    { url = "https://files.pythonhosted.org/packages/f1/7b/ce1eafaf1a76852e2ec9b22edecf1daa58175c090266e9f6c64afcd81d91/stack_data-0.6.3-py3-none-any.whl", hash = "sha256:d5558e0c25a4cb0853cddad3d77da9891a08cb85dd9f9f91b9f8cd66e511e695", size = 24521, upload-time = "2023-09-30T13:58:03.53Z" },
]

[[package]]
name = "striprtf"
version = "0.0.32"
source = { registry = "https://pypi.org/simple" }
sdist = { url = "https://files.pythonhosted.org/packages/86/f9/b3ecbd2e0abb9c29edd2913482f0c5df47a098221444ccd50cc5cd3f9b91/striprtf-0.0.32.tar.gz", hash = "sha256:7f375a375d99a2700842173168c90c9b545cb244241ffc5d868ed9f6baf9155f", size = 7571, upload-time = "2026-04-27T15:42:37.15Z" }
wheels = [
    { url = "https://files.pythonhosted.org/packages/c3/cf/4157959aa36a567faab32a5fb078904b76654bdd86a3d7f8fba21ed89d84/striprtf-0.0.32-py3-none-any.whl", hash = "sha256:9f695fea9662cb4ffccf2b56286b3e77028c0a61e87258719584e681e0144869", size = 8044, upload-time = "2026-04-27T15:42:35.948Z" },
]

[[package]]
name = "traitlets"
version = "5.15.1"
source = { registry = "https://pypi.org/simple" }
sdist = { url = "https://files.pythonhosted.org/packages/57/a9/a2584b8313b89f94869ddb3c4074617a691de1812a614d2d50e32ca5a7a6/traitlets-5.15.1.tar.gz", hash = "sha256:7b1c07854fe25acb39e009bae49f11b79ff6cbb2f27999104e9110e7a6b53722", size = 163344, upload-time = "2026-06-03T12:26:06.181Z" }
wheels = [
    { url = "https://files.pythonhosted.org/packages/96/8d/1080ee4c231f361b6ce4470d556c8c435b67c7e0753aaa641497ee92f88b/traitlets-5.15.1-py3-none-any.whl", hash = "sha256:770a53705f84b81ac107e83a1b3328ff2dae16094d8fc3cfc004e4b22dfd8e92", size = 85858, upload-time = "2026-06-03T12:26:04.395Z" },
]

[[package]]
name = "wcwidth"
version = "0.8.2"
source = { registry = "https://pypi.org/simple" }
sdist = { url = "https://files.pythonhosted.org/packages/34/74/c6428f875774288bec1396f5bfcbc2d925700a4dad61727fd5f2b12f249d/wcwidth-0.8.2.tar.gz", hash = "sha256:91fbef97204b96a3d4d421609b80340b760cf33e26da123ff243d76b1fda8dda", size = 1466253, upload-time = "2026-06-29T18:11:11.601Z" }
wheels = [
    { url = "https://files.pythonhosted.org/packages/96/42/3e5985a0a7e57de470b320c6d6a1a67c844f6737a587f3d44dd13d1819e7/wcwidth-0.8.2-py3-none-any.whl", hash = "sha256:d63947694a0539a1d51e01eda7caf800c291020e6cdd7e28ad7b14dd33ad4f85", size = 323166, upload-time = "2026-06-29T18:11:09.888Z" },
]

[[package]]
name = "wrapt"
version = "2.2.2"
source = { registry = "https://pypi.org/simple" }
sdist = { url = "https://files.pythonhosted.org/packages/fe/a4/282c8e64300a59fc834518a54bf0afabb4ff9218b5fa76958b450459a844/wrapt-2.2.2.tar.gz", hash = "sha256:0788e321027c999bf221b667bd4a54aaefd1a36283749a860ac3eb77daed0302", size = 129068, upload-time = "2026-06-20T23:49:44.49Z" }
wheels = [
    { url = "https://files.pythonhosted.org/packages/24/05/7fd9c3f83b2c74cbfc572a0b88aa37431e04bd8aed70d2c0efd3464206de/wrapt-2.2.2-cp314-cp314-macosx_10_15_x86_64.whl", hash = "sha256:0e64826f920c42d9d9f87e8cc09ffae66c51ede12d59061a5a426deb9aa71745", size = 81341, upload-time = "2026-06-20T23:48:49.39Z" },
    { url = "https://files.pythonhosted.org/packages/4b/68/1bfa43100dd90d4ef74a05897b86275cf57e1313ca14aae2545bc9f872c9/wrapt-2.2.2-cp314-cp314-macosx_11_0_arm64.whl", hash = "sha256:dcaa5e1451bd8751d7bd1568dfa3321c78092a52a7ecb5d1a0f18a5791e1fd00", size = 81921, upload-time = "2026-06-20T23:48:50.986Z" },
    { url = "https://files.pythonhosted.org/packages/74/eb/df7b7f0b631dbbc750f39be27d8b55f65777d8ac86da80e12be41a644c4b/wrapt-2.2.2-cp314-cp314-manylinux1_x86_64.manylinux_2_28_x86_64.manylinux_2_5_x86_64.whl", hash = "sha256:0abfd648dac9ac9c5b3aa9b523d27f1789046640b58dcd5652a720ddb325e1fc", size = 167713, upload-time = "2026-06-20T23:48:52.598Z" },
    { url = "https://files.pythonhosted.org/packages/4d/9a/d1bd36f6d088c8e652a9383cabbd49af30b8c576302a7eccddbab6963e3f/wrapt-2.2.2-cp314-cp314-manylinux2014_aarch64.manylinux_2_17_aarch64.manylinux_2_28_aarch64.whl", hash = "sha256:f4bfd8d1eb438153eff8b8cfe87f032ba65731e1ce06138b5090f745a33f6f95", size = 166779, upload-time = "2026-06-20T23:48:54.33Z" },
    { url = "https://files.pythonhosted.org/packages/4c/ae/24ffacd4187fac2740a1972093929e836dea092d42c87d728cd98fee11a6/wrapt-2.2.2-cp314-cp314-manylinux_2_31_riscv64.manylinux_2_39_riscv64.whl", hash = "sha256:c427c9d06d859848a69f0d928fe28b5c33a941b2265d10a0e1f15cd244f1ee33", size = 158407, upload-time = "2026-06-20T23:48:55.944Z" },
    { url = "https://files.pythonhosted.org/packages/a3/ed/974427668249a356051e8d67d47fa54ef6c777f0fcf3bae9d292c047d4b6/wrapt-2.2.2-cp314-cp314-musllinux_1_2_aarch64.whl", hash = "sha256:4250b43d1a129d947e083c4dc6baf333c9bb34edd26f912d5b0457841fc858ab", size = 166594, upload-time = "2026-06-20T23:48:57.617Z" },
    { url = "https://files.pythonhosted.org/packages/fb/5f/e1d7c6e4523f78db2fbd7826babd0348da1d5e0834c4f918b9ab5757dfae/wrapt-2.2.2-cp314-cp314-musllinux_1_2_riscv64.whl", hash = "sha256:173e5bb5ca350a6e0abab60b7ec7cdd7992a814cb14b4de670a28f067f105663", size = 157068, upload-time = "2026-06-20T23:48:59.171Z" },
    { url = "https://files.pythonhosted.org/packages/1e/c1/7ebd1027f00700c0b0233b20aceef2b4784294ed64971424c4a78e069e34/wrapt-2.2.2-cp314-cp314-musllinux_1_2_x86_64.whl", hash = "sha256:aa14b01804bce36c6d63d7b6a4f55df390f29f8648cc13a1f40b166f4d54680d", size = 166470, upload-time = "2026-06-20T23:49:00.737Z" },
    { url = "https://files.pythonhosted.org/packages/99/eb/974e471a6a978b8180186b8a9dc5ae3361ce269a967190b709b8ce17abfb/wrapt-2.2.2-cp314-cp314-win32.whl", hash = "sha256:58f9f8d637c9a6e245c6ef5b109b67ec187d2faed23d1405656b51d96e0a5b56", size = 78062, upload-time = "2026-06-20T23:49:02.327Z" },
    { url = "https://files.pythonhosted.org/packages/49/ec/e1281156cdc7a66693838ad7a0865ad641c74abd337a957d668b575aaffb/wrapt-2.2.2-cp314-cp314-win_amd64.whl", hash = "sha256:385cb1866f20479e83299af585375bfa0a4b0c6c9907a981483ea782ea8ae406", size = 80832, upload-time = "2026-06-20T23:49:03.837Z" },
    { url = "https://files.pythonhosted.org/packages/45/7d/1b6b5ddd94005a2dac97a4490c9838f3154977850d633abcb65b30089437/wrapt-2.2.2-cp314-cp314-win_arm64.whl", hash = "sha256:8ffbeaea6771a6eba6e6eeb09767864995726bc8240bb54baf88a9bb1db34d5c", size = 80029, upload-time = "2026-06-20T23:49:05.237Z" },
    { url = "https://files.pythonhosted.org/packages/b0/33/9ebcf8aafe91c601127cbd93708c16aa8f688f34a10bf004046803ecdc4f/wrapt-2.2.2-cp314-cp314t-macosx_10_15_x86_64.whl", hash = "sha256:09f811d43f6f33ec7515f0be76b159569f4057ab54d3e079c3204dddb90afa2a", size = 83357, upload-time = "2026-06-20T23:49:06.632Z" },
    { url = "https://files.pythonhosted.org/packages/39/38/ec45b635153327b52e52732a0ea980e5f00b7efba65f9e018828f1e69daa/wrapt-2.2.2-cp314-cp314t-macosx_11_0_arm64.whl", hash = "sha256:a795d3c06e5fbf9ea2f13196180b77aeab1b4685917256ee0d014cc163d90063", size = 83794, upload-time = "2026-06-20T23:49:08.098Z" },
    { url = "https://files.pythonhosted.org/packages/4e/ea/1a89e6d3b7a83c3affe5c09cde77792c947e63e4bc85ad84cd5bb9abb0d8/wrapt-2.2.2-cp314-cp314t-manylinux1_x86_64.manylinux_2_28_x86_64.manylinux_2_5_x86_64.whl", hash = "sha256:45c2f2768e790c9f8db90f239ef23a2af8e7570f25a35619ef902df4a738447f", size = 203362, upload-time = "2026-06-20T23:49:09.811Z" },
    { url = "https://files.pythonhosted.org/packages/19/d8/3b58763d9863b5a73771c0d97110f9595d248db454009e07e1535ee905a4/wrapt-2.2.2-cp314-cp314t-manylinux2014_aarch64.manylinux_2_17_aarch64.manylinux_2_28_aarch64.whl", hash = "sha256:bbf00ee0cb55ec24e2b0995a71942b85b21a066db8f3f46e1dbfdb9433ffba81", size = 210449, upload-time = "2026-06-20T23:49:11.521Z" },
    { url = "https://files.pythonhosted.org/packages/2d/6f/17fd9e053103d8be148d20d5d7505facc72d5fe1f9127973904ceaed79cf/wrapt-2.2.2-cp314-cp314t-manylinux_2_31_riscv64.manylinux_2_39_riscv64.whl", hash = "sha256:2252f77663651b89255895f58cc6ac08fcb206d4371813e5af61bb62d4f7689c", size = 195349, upload-time = "2026-06-20T23:49:13.346Z" },
    { url = "https://files.pythonhosted.org/packages/ef/04/d0d1ccaaa12cb7dccf28a23f0279a608ba498f71e81d949d5ed54bcfd5c1/wrapt-2.2.2-cp314-cp314t-musllinux_1_2_aarch64.whl", hash = "sha256:2cd7181ab1c31192ff5219269830744b5a62020b3a6d433588c4f1c95b8f8bff", size = 206099, upload-time = "2026-06-20T23:49:15.051Z" },
    { url = "https://files.pythonhosted.org/packages/44/b3/e8aa07b619890a2aa6cde1931b1887abb08820721b564a5f80b7ca3f3aa0/wrapt-2.2.2-cp314-cp314t-musllinux_1_2_riscv64.whl", hash = "sha256:6fe35fd51b74867d8b80174c277bd6bbf6a73e443f908129dc531c4b688a20d5", size = 192728, upload-time = "2026-06-20T23:49:16.854Z" },
    { url = "https://files.pythonhosted.org/packages/b7/f0/1819fb50f0d3c9bd758d8a83b56f1b470dee8b5b8eac8702b7c137cea9d4/wrapt-2.2.2-cp314-cp314t-musllinux_1_2_x86_64.whl", hash = "sha256:11d95fc2fbad3163596c39d440e6f21ca9fccece74b56e30a37ac2fca786a07c", size = 198842, upload-time = "2026-06-20T23:49:18.504Z" },
    { url = "https://files.pythonhosted.org/packages/67/7c/e88313f16a99930b899ef970d91c281544a470749a359decad994483bbda/wrapt-2.2.2-cp314-cp314t-win32.whl", hash = "sha256:d8a15813215f33fa83667bfc978b300e35669ea8bb424e970a1426bcb7bc6cca", size = 79059, upload-time = "2026-06-20T23:49:20.107Z" },
    { url = "https://files.pythonhosted.org/packages/a0/4f/ac12fda57a55068a094ec42851fb0a40e8489d8941863d517452de62e507/wrapt-2.2.2-cp314-cp314t-win_amd64.whl", hash = "sha256:d09db0f7e8357060d3c38fc22a018aba683a796bf184360fd1a58f6fc180dc77", size = 82462, upload-time = "2026-06-20T23:49:21.631Z" },
    { url = "https://files.pythonhosted.org/packages/48/a7/df732dac86d9b2027c56bd163dbc883e037b16c3469614752e148d219c61/wrapt-2.2.2-cp314-cp314t-win_arm64.whl", hash = "sha256:f32fe639c39561ccc187bcae17e9271be0eb45f1c2952510d2f29b33ab577347", size = 81182, upload-time = "2026-06-20T23:49:23.199Z" },
    { url = "https://files.pythonhosted.org/packages/6e/d2/6317eb6d4554855bbf12d61857774af34747bf88a42c19bf306de67e2fa3/wrapt-2.2.2-py3-none-any.whl", hash = "sha256:5bad217350f19ce99ca5b5e71d406765ea86fe541628426772b657375ee1c048", size = 61460, upload-time = "2026-06-20T23:49:42.966Z" },
]
